
Microsoft Visual Studio Solution File, Format Version 12.00
# Visual Studio Version 17
VisualStudioVersion = 17.8.34601.278
MinimumVisualStudioVersion = 10.0.40219.1
Project("{FAE04EC0-301F-11D3-BF4B-00C04F79EFBC}") = "WildChat", "WildChat\WildChat.csproj", "{241FD1A7-C03E-4A16-99AE-2A00947BBA75}"
EndProject
Global
	GlobalSection(SolutionConfigurationPlatforms) = preSolution
		Debug|Any CPU = Debug|Any CPU
		Release|Any CPU = Release|Any CPU
	EndGlobalSection
	GlobalSection(ProjectConfigurationPlatforms) = postSolution
		{241FD1A7-C03E-4A16-99AE-2A00947BBA75}.Debug|Any CPU.ActiveCfg = Debug|Any CPU
		{241FD1A7-C03E-4A16-99AE-2A00947BBA75}.Debug|Any CPU.Build.0 = Debug|Any CPU
		{241FD1A7-C03E-4A16-99AE-2A00947BBA75}.Release|Any CPU.ActiveCfg = Release|Any CPU
		{241FD1A7-C03E-4A16-99AE-2A00947BBA75}.Release|Any CPU.Build.0 = Release|Any CPU
	EndGlobalSection
	GlobalSection(SolutionProperties) = preSolution
		HideSolutionNode = FALSE
	EndGlobalSection
	GlobalSection(ExtensibilityGlobals) = postSolution
		SolutionGuid = {4BDBE86F-0F15-4881-87C7-9693967626FE}
	EndGlobalSection
EndGlobal
